// !$*UTF8*$!
{
	archiveVersion = 1;
	classes = {
	};
	objectVersion = 46;
	objects = {

/* Begin PBXBuildFile section */
		4C4012EF19A3B19600C3C262 /* Foundation.framework in Frameworks */ = {isa = PBXBuildFile; fileRef = 4C4012EE19A3B19600C3C262 /* Foundation.framework */; };
		4C4012F319A3B19600C3C262 /* UIKit.framework in Frameworks */ = {isa = PBXBuildFile; fileRef = 4C4012F219A3B19600C3C262 /* UIKit.framework */; };
		4C4012F919A3B19600C3C262 /* InfoPlist.strings in Resources */ = {isa = PBXBuildFile; fileRef = 4C4012F719A3B19600C3C262 /* InfoPlist.strings */; };
		4C4012FB19A3B19600C3C262 /* main.m in Sources */ = {isa = PBXBuildFile; fileRef = 4C4012FA19A3B19600C3C262 /* main.m */; };
		4C4012FF19A3B19600C3C262 /* MHAppDelegate.m in Sources */ = {isa = PBXBuildFile; fileRef = 4C4012FE19A3B19600C3C262 /* MHAppDelegate.m */; };
		4C40130219A3B19600C3C262 /* Main.storyboard in Resources */ = {isa = PBXBuildFile; fileRef = 4C40130019A3B19600C3C262 /* Main.storyboard */; };
		4C40130519A3B19600C3C262 /* MHViewController.m in Sources */ = {isa = PBXBuildFile; fileRef = 4C40130419A3B19600C3C262 /* MHViewController.m */; };
		4C40130719A3B19600C3C262 /* Images.xcassets in Resources */ = {isa = PBXBuildFile; fileRef = 4C40130619A3B19600C3C262 /* Images.xcassets */; };
		4C40130E19A3B19600C3C262 /* XCTest.framework in Frameworks */ = {isa = PBXBuildFile; fileRef = 4C40130D19A3B19600C3C262 /* XCTest.framework */; };
		4C40130F19A3B19600C3C262 /* Foundation.framework in Frameworks */ = {isa = PBXBuildFile; fileRef = 4C4012EE19A3B19600C3C262 /* Foundation.framework */; };
		4C40131019A3B19600C3C262 /* UIKit.framework in Frameworks */ = {isa = PBXBuildFile; fileRef = 4C4012F219A3B19600C3C262 /* UIKit.framework */; };
		4C40131819A3B19600C3C262 /* InfoPlist.strings in Resources */ = {isa = PBXBuildFile; fileRef = 4C40131619A3B19600C3C262 /* InfoPlist.strings */; };
		4C40131A19A3B19600C3C262 /* QuotedTests.m in Sources */ = {isa = PBXBuildFile; fileRef = 4C40131919A3B19600C3C262 /* QuotedTests.m */; };
		4C40132519A3B25300C3C262 /* MHQuoter.m in Sources */ = {isa = PBXBuildFile; fileRef = 4C40132419A3B25300C3C262 /* MHQuoter.m */; };
		4C468A4719A6F36E002F87BB /* AudioToolbox.framework in Frameworks */ = {isa = PBXBuildFile; fileRef = 4C468A4619A6F36E002F87BB /* AudioToolbox.framework */; };
		4C60C3781A17A5F400960F7F /* MHAlertBannerView.m in Sources */ = {isa = PBXBuildFile; fileRef = 4C60C3771A17A5F400960F7F /* MHAlertBannerView.m */; };
		4C7830BE19F2F913000F5798 /* iAd.framework in Frameworks */ = {isa = PBXBuildFile; fileRef = 4C7830BD19F2F913000F5798 /* iAd.framework */; };
		4C96776219EE02E50057A52E /* MHSocialSharer.m in Sources */ = {isa = PBXBuildFile; fileRef = 4C96776119EE02E50057A52E /* MHSocialSharer.m */; };
		4C96776419EE04D50057A52E /* Social.framework in Frameworks */ = {isa = PBXBuildFile; fileRef = 4C96776319EE04D50057A52E /* Social.framework */; };
		4CD560B11A0CA05B002A0CE8 /* Accounts.framework in Frameworks */ = {isa = PBXBuildFile; fileRef = 4CD560B01A0CA05A002A0CE8 /* Accounts.framework */; };
		4CFC0A9E19D79BE500765F39 /* MHColorPicker.m in Sources */ = {isa = PBXBuildFile; fileRef = 4CFC0A9D19D79BE500765F39 /* MHColorPicker.m */; };
/* End PBXBuildFile section */

/* Begin PBXContainerItemProxy section */
		4C40131119A3B19600C3C262 /* PBXContainerItemProxy */ = {
			isa = PBXContainerItemProxy;
			containerPortal = 4C4012E319A3B19600C3C262 /* Project object */;
			proxyType = 1;
			remoteGlobalIDString = 4C4012EA19A3B19600C3C262;
			remoteInfo = Quoted;
		};
/* End PBXContainerItemProxy section */

/* Begin PBXFileReference section */
		4C4012EB19A3B19600C3C262 /* Quoted.app */ = {isa = PBXFileReference; explicitFileType = wrapper.application; includeInIndex = 0; path = Quoted.app; sourceTree = BUILT_PRODUCTS_DIR; };
		4C4012EE19A3B19600C3C262 /* Foundation.framework */ = {isa = PBXFileReference; lastKnownFileType = wrapper.framework; name = Foundation.framework; path = System/Library/Frameworks/Foundation.framework; sourceTree = SDKROOT; };
		4C4012F019A3B19600C3C262 /* CoreGraphics.framework */ = {isa = PBXFileReference; lastKnownFileType = wrapper.framework; name = CoreGraphics.framework; path = System/Library/Frameworks/CoreGraphics.framework; sourceTree = SDKROOT; };
		4C4012F219A3B19600C3C262 /* UIKit.framework */ = {isa = PBXFileReference; lastKnownFileType = wrapper.framework; name = UIKit.framework; path = System/Library/Frameworks/UIKit.framework; sourceTree = SDKROOT; };
		4C4012F619A3B19600C3C262 /* Quoted-Info.plist */ = {isa = PBXFileReference; lastKnownFileType = text.plist.xml; path = "Quoted-Info.plist"; sourceTree = "<group>"; };
		4C4012F819A3B19600C3C262 /* en */ = {isa = PBXFileReference; lastKnownFileType = text.plist.strings; name = en; path = en.lproj/InfoPlist.strings; sourceTree = "<group>"; };
		4C4012FA19A3B19600C3C262 /* main.m */ = {isa = PBXFileReference; lastKnownFileType = sourcecode.c.objc; path = main.m; sourceTree = "<group>"; };
		4C4012FC19A3B19600C3C262 /* Quoted-Prefix.pch */ = {isa = PBXFileReference; lastKnownFileType = sourcecode.c.h; path = "Quoted-Prefix.pch"; sourceTree = "<group>"; };
		4C4012FD19A3B19600C3C262 /* MHAppDelegate.h */ = {isa = PBXFileReference; lastKnownFileType = sourcecode.c.h; path = MHAppDelegate.h; sourceTree = "<group>"; };
		4C4012FE19A3B19600C3C262 /* MHAppDelegate.m */ = {isa = PBXFileReference; lastKnownFileType = sourcecode.c.objc; path = MHAppDelegate.m; sourceTree = "<group>"; };
		4C40130119A3B19600C3C262 /* Base */ = {isa = PBXFileReference; lastKnownFileType = file.storyboard; name = Base; path = Base.lproj/Main.storyboard; sourceTree = "<group>"; };
		4C40130319A3B19600C3C262 /* MHViewController.h */ = {isa = PBXFileReference; lastKnownFileType = sourcecode.c.h; path = MHViewController.h; sourceTree = "<group>"; };
		4C40130419A3B19600C3C262 /* MHViewController.m */ = {isa = PBXFileReference; lastKnownFileType = sourcecode.c.objc; path = MHViewController.m; sourceTree = "<group>"; };
		4C40130619A3B19600C3C262 /* Images.xcassets */ = {isa = PBXFileReference; lastKnownFileType = folder.assetcatalog; path = Images.xcassets; sourceTree = "<group>"; };
		4C40130C19A3B19600C3C262 /* QuotedTests.xctest */ = {isa = PBXFileReference; explicitFileType = wrapper.cfbundle; includeInIndex = 0; path = QuotedTests.xctest; sourceTree = BUILT_PRODUCTS_DIR; };
		4C40130D19A3B19600C3C262 /* XCTest.framework */ = {isa = PBXFileReference; lastKnownFileType = wrapper.framework; name = XCTest.framework; path = Library/Frameworks/XCTest.framework; sourceTree = DEVELOPER_DIR; };
		4C40131519A3B19600C3C262 /* QuotedTests-Info.plist */ = {isa = PBXFileReference; lastKnownFileType = text.plist.xml; path = "QuotedTests-Info.plist"; sourceTree = "<group>"; };
		4C40131719A3B19600C3C262 /* en */ = {isa = PBXFileReference; lastKnownFileType = text.plist.strings; name = en; path = en.lproj/InfoPlist.strings; sourceTree = "<group>"; };
		4C40131919A3B19600C3C262 /* QuotedTests.m */ = {isa = PBXFileReference; lastKnownFileType = sourcecode.c.objc; path = QuotedTests.m; sourceTree = "<group>"; };
		4C40132319A3B25300C3C262 /* MHQuoter.h */ = {isa = PBXFileReference; fileEncoding = 4; lastKnownFileType = sourcecode.c.h; name = MHQuoter.h; path = ../MHQuoter.h; sourceTree = "<group>"; };
		4C40132419A3B25300C3C262 /* MHQuoter.m */ = {isa = PBXFileReference; fileEncoding = 4; lastKnownFileType = sourcecode.c.objc; name = MHQuoter.m; path = ../MHQuoter.m; sourceTree = "<group>"; };
		4C468A4619A6F36E002F87BB /* AudioToolbox.framework */ = {isa = PBXFileReference; lastKnownFileType = wrapper.framework; name = AudioToolbox.framework; path = System/Library/Frameworks/AudioToolbox.framework; sourceTree = SDKROOT; };
		4C60C3761A17A5F400960F7F /* MHAlertBannerView.h */ = {isa = PBXFileReference; fileEncoding = 4; lastKnownFileType = sourcecode.c.h; path = MHAlertBannerView.h; sourceTree = "<group>"; };
		4C60C3771A17A5F400960F7F /* MHAlertBannerView.m */ = {isa = PBXFileReference; fileEncoding = 4; lastKnownFileType = sourcecode.c.objc; path = MHAlertBannerView.m; sourceTree = "<group>"; };
		4C7830BD19F2F913000F5798 /* iAd.framework */ = {isa = PBXFileReference; lastKnownFileType = wrapper.framework; name = iAd.framework; path = System/Library/Frameworks/iAd.framework; sourceTree = SDKROOT; };
		4C96776019EE02E50057A52E /* MHSocialSharer.h */ = {isa = PBXFileReference; fileEncoding = 4; lastKnownFileType = sourcecode.c.h; path = MHSocialSharer.h; sourceTree = "<group>"; };
		4C96776119EE02E50057A52E /* MHSocialSharer.m */ = {isa = PBXFileReference; fileEncoding = 4; lastKnownFileType = sourcecode.c.objc; path = MHSocialSharer.m; sourceTree = "<group>"; };
		4C96776319EE04D50057A52E /* Social.framework */ = {isa = PBXFileReference; lastKnownFileType = wrapper.framework; name = Social.framework; path = System/Library/Frameworks/Social.framework; sourceTree = SDKROOT; };
		4CD560B01A0CA05A002A0CE8 /* Accounts.framework */ = {isa = PBXFileReference; lastKnownFileType = wrapper.framework; name = Accounts.framework; path = System/Library/Frameworks/Accounts.framework; sourceTree = SDKROOT; };
		4CFC0A9C19D79BE500765F39 /* MHColorPicker.h */ = {isa = PBXFileReference; fileEncoding = 4; lastKnownFileType = sourcecode.c.h; name = MHColorPicker.h; path = ../MHColorPicker.h; sourceTree = "<group>"; };
		4CFC0A9D19D79BE500765F39 /* MHColorPicker.m */ = {isa = PBXFileReference; fileEncoding = 4; lastKnownFileType = sourcecode.c.objc; name = MHColorPicker.m; path = ../MHColorPicker.m; sourceTree = "<group>"; };
/* End PBXFileReference section */

/* Begin PBXFrameworksBuildPhase section */
		4C4012E819A3B19600C3C262 /* Frameworks */ = {
			isa = PBXFrameworksBuildPhase;
			buildActionMask = 2147483647;
			files = (
				4CD560B11A0CA05B002A0CE8 /* Accounts.framework in Frameworks */,
				4C7830BE19F2F913000F5798 /* iAd.framework in Frameworks */,
				4C96776419EE04D50057A52E /* Social.framework in Frameworks */,
				4C468A4719A6F36E002F87BB /* AudioToolbox.framework in Frameworks */,
				4C4012F319A3B19600C3C262 /* UIKit.framework in Frameworks */,
				4C4012EF19A3B19600C3C262 /* Foundation.framework in Frameworks */,
			);
			runOnlyForDeploymentPostprocessing = 0;
		};
		4C40130919A3B19600C3C262 /* Frameworks */ = {
			isa = PBXFrameworksBuildPhase;
			buildActionMask = 2147483647;
			files = (
				4C40130E19A3B19600C3C262 /* XCTest.framework in Frameworks */,
				4C40131019A3B19600C3C262 /* UIKit.framework in Frameworks */,
				4C40130F19A3B19600C3C262 /* Foundation.framework in Frameworks */,
			);
			runOnlyForDeploymentPostprocessing = 0;
		};
/* End PBXFrameworksBuildPhase section */

/* Begin PBXGroup section */
		4C4012E219A3B19600C3C262 = {
			isa = PBXGroup;
			children = (
				4C4012F419A3B19600C3C262 /* Quoted */,
				4C40131319A3B19600C3C262 /* QuotedTests */,
				4C4012ED19A3B19600C3C262 /* Frameworks */,
				4C4012EC19A3B19600C3C262 /* Products */,
			);
			sourceTree = "<group>";
		};
		4C4012EC19A3B19600C3C262 /* Products */ = {
			isa = PBXGroup;
			children = (
				4C4012EB19A3B19600C3C262 /* Quoted.app */,
				4C40130C19A3B19600C3C262 /* QuotedTests.xctest */,
			);
			name = Products;
			sourceTree = "<group>";
		};
		4C4012ED19A3B19600C3C262 /* Frameworks */ = {
			isa = PBXGroup;
			children = (
				4CD560B01A0CA05A002A0CE8 /* Accounts.framework */,
				4C7830BD19F2F913000F5798 /* iAd.framework */,
				4C96776319EE04D50057A52E /* Social.framework */,
				4C468A4619A6F36E002F87BB /* AudioToolbox.framework */,
				4C4012EE19A3B19600C3C262 /* Foundation.framework */,
				4C4012F019A3B19600C3C262 /* CoreGraphics.framework */,
				4C4012F219A3B19600C3C262 /* UIKit.framework */,
				4C40130D19A3B19600C3C262 /* XCTest.framework */,
			);
			name = Frameworks;
			sourceTree = "<group>";
		};
		4C4012F419A3B19600C3C262 /* Quoted */ = {
			isa = PBXGroup;
			children = (
				4C4012FD19A3B19600C3C262 /* MHAppDelegate.h */,
				4C4012FE19A3B19600C3C262 /* MHAppDelegate.m */,
				4C40130019A3B19600C3C262 /* Main.storyboard */,
				4C60C3761A17A5F400960F7F /* MHAlertBannerView.h */,
				4C60C3771A17A5F400960F7F /* MHAlertBannerView.m */,
				4C40130319A3B19600C3C262 /* MHViewController.h */,
				4C40130419A3B19600C3C262 /* MHViewController.m */,
				4C96776019EE02E50057A52E /* MHSocialSharer.h */,
				4C96776119EE02E50057A52E /* MHSocialSharer.m */,
				4C40130619A3B19600C3C262 /* Images.xcassets */,
				4C40132319A3B25300C3C262 /* MHQuoter.h */,
				4C40132419A3B25300C3C262 /* MHQuoter.m */,
				4CFC0A9C19D79BE500765F39 /* MHColorPicker.h */,
				4CFC0A9D19D79BE500765F39 /* MHColorPicker.m */,
				4C4012F519A3B19600C3C262 /* Supporting Files */,
			);
			path = Quoted;
			sourceTree = "<group>";
		};
		4C4012F519A3B19600C3C262 /* Supporting Files */ = {
			isa = PBXGroup;
			children = (
				4C4012F619A3B19600C3C262 /* Quoted-Info.plist */,
				4C4012F719A3B19600C3C262 /* InfoPlist.strings */,
				4C4012FA19A3B19600C3C262 /* main.m */,
				4C4012FC19A3B19600C3C262 /* Quoted-Prefix.pch */,
			);
			name = "Supporting Files";
			sourceTree = "<group>";
		};
		4C40131319A3B19600C3C262 /* QuotedTests */ = {
			isa = PBXGroup;
			children = (
				4C40131919A3B19600C3C262 /* QuotedTests.m */,
				4C40131419A3B19600C3C262 /* Supporting Files */,
			);
			path = QuotedTests;
			sourceTree = "<group>";
		};
		4C40131419A3B19600C3C262 /* Supporting Files */ = {
			isa = PBXGroup;
			children = (
				4C40131519A3B19600C3C262 /* QuotedTests-Info.plist */,
				4C40131619A3B19600C3C262 /* InfoPlist.strings */,
			);
			name = "Supporting Files";
			sourceTree = "<group>";
		};
/* End PBXGroup section */

/* Begin PBXNativeTarget section */
		4C4012EA19A3B19600C3C262 /* Quoted */ = {
			isa = PBXNativeTarget;
			buildConfigurationList = 4C40131D19A3B19600C3C262 /* Build configuration list for PBXNativeTarget "Quoted" */;
			buildPhases = (
				4C4012E719A3B19600C3C262 /* Sources */,
				4C4012E819A3B19600C3C262 /* Frameworks */,
				4C4012E919A3B19600C3C262 /* Resources */,
			);
			buildRules = (
			);
			dependencies = (
			);
			name = Quoted;
			productName = Quoted;
			productReference = 4C4012EB19A3B19600C3C262 /* Quoted.app */;
			productType = "com.apple.product-type.application";
		};
		4C40130B19A3B19600C3C262 /* QuotedTests */ = {
			isa = PBXNativeTarget;
			buildConfigurationList = 4C40132019A3B19600C3C262 /* Build configuration list for PBXNativeTarget "QuotedTests" */;
			buildPhases = (
				4C40130819A3B19600C3C262 /* Sources */,
				4C40130919A3B19600C3C262 /* Frameworks */,
				4C40130A19A3B19600C3C262 /* Resources */,
			);
			buildRules = (
			);
			dependencies = (
				4C40131219A3B19600C3C262 /* PBXTargetDependency */,
			);
			name = QuotedTests;
			productName = QuotedTests;
			productReference = 4C40130C19A3B19600C3C262 /* QuotedTests.xctest */;
			productType = "com.apple.product-type.bundle.unit-test";
		};
/* End PBXNativeTarget section */

/* Begin PBXProject section */
		4C4012E319A3B19600C3C262 /* Project object */ = {
			isa = PBXProject;
			attributes = {
				CLASSPREFIX = MH;
				LastUpgradeCheck = 0610;
				ORGANIZATIONNAME = "Michael Hulet";
				TargetAttributes = {
					4C4012EA19A3B19600C3C262 = {
						DevelopmentTeam = K3ZLWH83BT;
					};
					4C40130B19A3B19600C3C262 = {
						TestTargetID = 4C4012EA19A3B19600C3C262;
					};
				};
			};
			buildConfigurationList = 4C4012E619A3B19600C3C262 /* Build configuration list for PBXProject "Quoted" */;
			compatibilityVersion = "Xcode 3.2";
			developmentRegion = English;
			hasScannedForEncodings = 0;
			knownRegions = (
				en,
				Base,
			);
			mainGroup = 4C4012E219A3B19600C3C262;
			productRefGroup = 4C4012EC19A3B19600C3C262 /* Products */;
			projectDirPath = "";
			projectRoot = "";
			targets = (
				4C4012EA19A3B19600C3C262 /* Quoted */,
				4C40130B19A3B19600C3C262 /* QuotedTests */,
			);
		};
/* End PBXProject section */

/* Begin PBXResourcesBuildPhase section */
		4C4012E919A3B19600C3C262 /* Resources */ = {
			isa = PBXResourcesBuildPhase;
			buildActionMask = 2147483647;
			files = (
				4C40130719A3B19600C3C262 /* Images.xcassets in Resources */,
				4C4012F919A3B19600C3C262 /* InfoPlist.strings in Resources */,
				4C40130219A3B19600C3C262 /* Main.storyboard in Resources */,
			);
			runOnlyForDeploymentPostprocessing = 0;
		};
		4C40130A19A3B19600C3C262 /* Resources */ = {
			isa = PBXResourcesBuildPhase;
			buildActionMask = 2147483647;
			files = (
				4C40131819A3B19600C3C262 /* InfoPlist.strings in Resources */,
			);
			runOnlyForDeploymentPostprocessing = 0;
		};
/* End PBXResourcesBuildPhase section */

/* Begin PBXSourcesBuildPhase section */
		4C4012E719A3B19600C3C262 /* Sources */ = {
			isa = PBXSourcesBuildPhase;
			buildActionMask = 2147483647;
			files = (
				4C4012FB19A3B19600C3C262 /* main.m in Sources */,
				4C40130519A3B19600C3C262 /* MHViewController.m in Sources */,
				4CFC0A9E19D79BE500765F39 /* MHColorPicker.m in Sources */,
				4C40132519A3B25300C3C262 /* MHQuoter.m in Sources */,
				4C96776219EE02E50057A52E /* MHSocialSharer.m in Sources */,
				4C60C3781A17A5F400960F7F /* MHAlertBannerView.m in Sources */,
				4C4012FF19A3B19600C3C262 /* MHAppDelegate.m in Sources */,
			);
			runOnlyForDeploymentPostprocessing = 0;
		};
		4C40130819A3B19600C3C262 /* Sources */ = {
			isa = PBXSourcesBuildPhase;
			buildActionMask = 2147483647;
			files = (
				4C40131A19A3B19600C3C262 /* QuotedTests.m in Sources */,
			);
			runOnlyForDeploymentPostprocessing = 0;
		};
/* End PBXSourcesBuildPhase section */

/* Begin PBXTargetDependency section */
		4C40131219A3B19600C3C262 /* PBXTargetDependency */ = {
			isa = PBXTargetDependency;
			target = 4C4012EA19A3B19600C3C262 /* Quoted */;
			targetProxy = 4C40131119A3B19600C3C262 /* PBXContainerItemProxy */;
		};
/* End PBXTargetDependency section */

/* Begin PBXVariantGroup section */
		4C4012F719A3B19600C3C262 /* InfoPlist.strings */ = {
			isa = PBXVariantGroup;
			children = (
				4C4012F819A3B19600C3C262 /* en */,
			);
			name = InfoPlist.strings;
			sourceTree = "<group>";
		};
		4C40130019A3B19600C3C262 /* Main.storyboard */ = {
			isa = PBXVariantGroup;
			children = (
				4C40130119A3B19600C3C262 /* Base */,
			);
			name = Main.storyboard;
			sourceTree = "<group>";
		};
		4C40131619A3B19600C3C262 /* InfoPlist.strings */ = {
			isa = PBXVariantGroup;
			children = (
				4C40131719A3B19600C3C262 /* en */,
			);
			name = InfoPlist.strings;
			sourceTree = "<group>";
		};
/* End PBXVariantGroup section */

/* Begin XCBuildConfiguration section */
		4C40131B19A3B19600C3C262 /* Debug */ = {
			isa = XCBuildConfiguration;
			buildSettings = {
				ALWAYS_SEARCH_USER_PATHS = NO;
				CLANG_CXX_LANGUAGE_STANDARD = "gnu++0x";
				CLANG_CXX_LIBRARY = "libc++";
				CLANG_ENABLE_MODULES = YES;
				CLANG_ENABLE_OBJC_ARC = YES;
				CLANG_WARN_BOOL_CONVERSION = YES;
				CLANG_WARN_CONSTANT_CONVERSION = YES;
				CLANG_WARN_DEPRECATED_OBJC_IMPLEMENTATIONS = YES;
				CLANG_WARN_DIRECT_OBJC_ISA_USAGE = YES_ERROR;
				CLANG_WARN_EMPTY_BODY = YES;
				CLANG_WARN_ENUM_CONVERSION = YES;
				CLANG_WARN_INT_CONVERSION = YES;
				CLANG_WARN_OBJC_ROOT_CLASS = YES_ERROR;
				CLANG_WARN__DUPLICATE_METHOD_MATCH = YES;
				CODE_SIGN_IDENTITY = "iPhone Developer";
				"CODE_SIGN_IDENTITY[sdk=iphoneos*]" = "iPhone Developer";
				COPY_PHASE_STRIP = NO;
				GCC_C_LANGUAGE_STANDARD = c99;
				GCC_DYNAMIC_NO_PIC = NO;
				GCC_OPTIMIZATION_LEVEL = 0;
				GCC_PREPROCESSOR_DEFINITIONS = (
					"DEBUG=1",
					"$(inherited)",
				);
				GCC_SYMBOLS_PRIVATE_EXTERN = NO;
				GCC_WARN_64_TO_32_BIT_CONVERSION = YES;
				GCC_WARN_ABOUT_RETURN_TYPE = YES_ERROR;
				GCC_WARN_MULTIPLE_DEFINITION_TYPES_FOR_SELECTOR = YES;
				GCC_WARN_UNDECLARED_SELECTOR = YES;
				GCC_WARN_UNINITIALIZED_AUTOS = YES_AGGRESSIVE;
				GCC_WARN_UNUSED_FUNCTION = YES;
				GCC_WARN_UNUSED_VARIABLE = YES;
				IPHONEOS_DEPLOYMENT_TARGET = 6.1;
				ONLY_ACTIVE_ARCH = YES;
				SDKROOT = iphoneos;
			};
			name = Debug;
		};
		4C40131C19A3B19600C3C262 /* Release */ = {
			isa = XCBuildConfiguration;
			buildSettings = {
				ALWAYS_SEARCH_USER_PATHS = NO;
				CLANG_CXX_LANGUAGE_STANDARD = "gnu++0x";
				CLANG_CXX_LIBRARY = "libc++";
				CLANG_ENABLE_MODULES = YES;
				CLANG_ENABLE_OBJC_ARC = YES;
				CLANG_WARN_BOOL_CONVERSION = YES;
				CLANG_WARN_CONSTANT_CONVERSION = YES;
				CLANG_WARN_DEPRECATED_OBJC_IMPLEMENTATIONS = YES;
				CLANG_WARN_DIRECT_OBJC_ISA_USAGE = YES_ERROR;
				CLANG_WARN_EMPTY_BODY = YES;
				CLANG_WARN_ENUM_CONVERSION = YES;
				CLANG_WARN_INT_CONVERSION = YES;
				CLANG_WARN_OBJC_ROOT_CLASS = YES_ERROR;
				CLANG_WARN__DUPLICATE_METHOD_MATCH = YES;
				CODE_SIGN_IDENTITY = "iPhone Developer";
				"CODE_SIGN_IDENTITY[sdk=iphoneos*]" = "iPhone Developer";
				COPY_PHASE_STRIP = YES;
				ENABLE_NS_ASSERTIONS = NO;
				GCC_C_LANGUAGE_STANDARD = c99;
				GCC_OPTIMIZATION_LEVEL = fast;
				GCC_WARN_64_TO_32_BIT_CONVERSION = YES;
				GCC_WARN_ABOUT_RETURN_TYPE = YES_ERROR;
				GCC_WARN_MULTIPLE_DEFINITION_TYPES_FOR_SELECTOR = YES;
				GCC_WARN_UNDECLARED_SELECTOR = YES;
				GCC_WARN_UNINITIALIZED_AUTOS = YES_AGGRESSIVE;
				GCC_WARN_UNUSED_FUNCTION = YES;
				GCC_WARN_UNUSED_VARIABLE = YES;
				IPHONEOS_DEPLOYMENT_TARGET = 6.1;
				SDKROOT = iphoneos;
				VALIDATE_PRODUCT = YES;
			};
			name = Release;
		};
		4C40131E19A3B19600C3C262 /* Debug */ = {
			isa = XCBuildConfiguration;
			buildSettings = {
				ASSETCATALOG_COMPILER_APPICON_NAME = AppIcon;
				ASSETCATALOG_COMPILER_LAUNCHIMAGE_NAME = LaunchImage;
				CLANG_WARN_DOCUMENTATION_COMMENTS = YES;
				CODE_SIGN_IDENTITY = "iPhone Developer";
				"CODE_SIGN_IDENTITY[sdk=iphoneos*]" = "iPhone Developer";
				GCC_PRECOMPILE_PREFIX_HEADER = YES;
				GCC_PREFIX_HEADER = "Quoted/Quoted-Prefix.pch";
				GCC_TREAT_WARNINGS_AS_ERRORS = NO;
				INFOPLIST_FILE = "Quoted/Quoted-Info.plist";
				IPHONEOS_DEPLOYMENT_TARGET = 7.0;
				PRODUCT_NAME = "$(TARGET_NAME)";
				PROVISIONING_PROFILE = "";
				TARGETED_DEVICE_FAMILY = 1;
				WRAPPER_EXTENSION = app;
			};
			name = Debug;
		};
		4C40131F19A3B19600C3C262 /* Release */ = {
			isa = XCBuildConfiguration;
			buildSettings = {
				ASSETCATALOG_COMPILER_APPICON_NAME = AppIcon;
				ASSETCATALOG_COMPILER_LAUNCHIMAGE_NAME = LaunchImage;
				CLANG_WARN_DOCUMENTATION_COMMENTS = YES;
				CODE_SIGN_IDENTITY = "iPhone Developer";
				"CODE_SIGN_IDENTITY[sdk=iphoneos*]" = "iPhone Developer";
				GCC_PRECOMPILE_PREFIX_HEADER = YES;
				GCC_PREFIX_HEADER = "Quoted/Quoted-Prefix.pch";
				GCC_TREAT_WARNINGS_AS_ERRORS = NO;
				INFOPLIST_FILE = "Quoted/Quoted-Info.plist";
				IPHONEOS_DEPLOYMENT_TARGET = 7.0;
				PRODUCT_NAME = "$(TARGET_NAME)";
				PROVISIONING_PROFILE = "";
				TARGETED_DEVICE_FAMILY = 1;
				WRAPPER_EXTENSION = app;
			};
			name = Release;
		};
		4C40132119A3B19600C3C262 /* Debug */ = {
			isa = XCBuildConfiguration;
			buildSettings = {
				BUNDLE_LOADER = "$(BUILT_PRODUCTS_DIR)/Quoted.app/Quoted";
				FRAMEWORK_SEARCH_PATHS = (
					"$(SDKROOT)/Developer/Library/Frameworks",
					"$(inherited)",
					"$(DEVELOPER_FRAMEWORKS_DIR)",
				);
				GCC_PRECOMPILE_PREFIX_HEADER = YES;
				GCC_PREFIX_HEADER = "Quoted/Quoted-Prefix.pch";
				GCC_PREPROCESSOR_DEFINITIONS = (
					"DEBUG=1",
					"$(inherited)",
				);
				INFOPLIST_FILE = "QuotedTests/QuotedTests-Info.plist";
				PRODUCT_NAME = "$(TARGET_NAME)";
				TEST_HOST = "$(BUNDLE_LOADER)";
				WRAPPER_EXTENSION = xctest;
			};
			name = Debug;
		};
		4C40132219A3B19600C3C262 /* Release */ = {
			isa = XCBuildConfiguration;
			buildSettings = {
				BUNDLE_LOADER = "$(BUILT_PRODUCTS_DIR)/Quoted.app/Quoted";
				FRAMEWORK_SEARCH_PATHS = (
					"$(SDKROOT)/Developer/Library/Frameworks",
					"$(inherited)",
					"$(DEVELOPER_FRAMEWORKS_DIR)",
				);
				GCC_PRECOMPILE_PREFIX_HEADER = YES;
				GCC_PREFIX_HEADER = "Quoted/Quoted-Prefix.pch";
				INFOPLIST_FILE = "QuotedTests/QuotedTests-Info.plist";
				PRODUCT_NAME = "$(TARGET_NAME)";
				TEST_HOST = "$(BUNDLE_LOADER)";
				WRAPPER_EXTENSION = xctest;
			};
			name = Release;
		};
/* End XCBuildConfiguration section */

/* Begin XCConfigurationList section */
		4C4012E619A3B19600C3C262 /* Build configuration list for PBXProject "Quoted" */ = {
			isa = XCConfigurationList;
			buildConfigurations = (
				4C40131B19A3B19600C3C262 /* Debug */,
				4C40131C19A3B19600C3C262 /* Release */,
			);
			defaultConfigurationIsVisible = 0;
			defaultConfigurationName = Release;
		};
		4C40131D19A3B19600C3C262 /* Build configuration list for PBXNativeTarget "Quoted" */ = {
			isa = XCConfigurationList;
			buildConfigurations = (
				4C40131E19A3B19600C3C262 /* Debug */,
				4C40131F19A3B19600C3C262 /* Release */,
			);
			defaultConfigurationIsVisible = 0;
			defaultConfigurationName = Release;
		};
		4C40132019A3B19600C3C262 /* Build configuration list for PBXNativeTarget "QuotedTests" */ = {
			isa = XCConfigurationList;
			buildConfigurations = (
				4C40132119A3B19600C3C262 /* Debug */,
				4C40132219A3B19600C3C262 /* Release */,
			);
			defaultConfigurationIsVisible = 0;
			defaultConfigurationName = Release;
		};
/* End XCConfigurationList section */
	};
	rootObject = 4C4012E319A3B19600C3C262 /* Project object */;
}
